# This file is automatically @generated by Cargo.
# It is not intended for manual editing.
[[package]]
name = "slab"
version = "0.4.3"
source = "registry+https://github.com/rust-lang/crates.io-index"
checksum = "f173ac3d1a7e3b28003f40de0b5ce7fe2710f9b9dc3fc38664cebee46b3b6527"

[[package]]
name = "xl"
version = "0.1.0"
dependencies = [
 "slab",
]
